
Microsoft Visual Studio Solution File, Format Version 12.00
# Visual Studio 15
VisualStudioVersion = 15.0.27703.2000
MinimumVisualStudioVersion = 10.0.40219.1
Project("{9A19103F-16F7-4668-BE54-9A1E7A4F7556}") = "myApp", "myApp\myApp.csproj", "{807F70D0-F5BE-47BD-8D7C-A38E8AC0DBDA}"
EndProject
Project("{FAE04EC0-301F-11D3-BF4B-00C04F79EFBC}") = "TaxiFarePrediction", "TaxiFarePrediction\TaxiFarePrediction.csproj", "{B8BAD426-B4D6-4241-BB87-2C12EF385021}"
EndProject
Global
	GlobalSection(SolutionConfigurationPlatforms) = preSolution
		Debug|Any CPU = Debug|Any CPU
		Release|Any CPU = Release|Any CPU
	EndGlobalSection
	GlobalSection(ProjectConfigurationPlatforms) = postSolution
		{807F70D0-F5BE-47BD-8D7C-A38E8AC0DBDA}.Debug|Any CPU.ActiveCfg = Debug|Any CPU
		{807F70D0-F5BE-47BD-8D7C-A38E8AC0DBDA}.Debug|Any CPU.Build.0 = Debug|Any CPU
		{807F70D0-F5BE-47BD-8D7C-A38E8AC0DBDA}.Release|Any CPU.ActiveCfg = Release|Any CPU
		{807F70D0-F5BE-47BD-8D7C-A38E8AC0DBDA}.Release|Any CPU.Build.0 = Release|Any CPU
		{B8BAD426-B4D6-4241-BB87-2C12EF385021}.Debug|Any CPU.ActiveCfg = Debug|Any CPU
		{B8BAD426-B4D6-4241-BB87-2C12EF385021}.Debug|Any CPU.Build.0 = Debug|Any CPU
		{B8BAD426-B4D6-4241-BB87-2C12EF385021}.Release|Any CPU.ActiveCfg = Release|Any CPU
		{B8BAD426-B4D6-4241-BB87-2C12EF385021}.Release|Any CPU.Build.0 = Release|Any CPU
	EndGlobalSection
	GlobalSection(SolutionProperties) = preSolution
		HideSolutionNode = FALSE
	EndGlobalSection
	GlobalSection(ExtensibilityGlobals) = postSolution
		SolutionGuid = {956AEC19-1BC0-4FDB-838D-EADBE5D77487}
	EndGlobalSection
EndGlobal
